
Microsoft Visual Studio Solution File, Format Version 12.00
# Visual Studio 2013
VisualStudioVersion = 12.0.31101.0
MinimumVisualStudioVersion = 10.0.40219.1
Project("{FAE04EC0-301F-11D3-BF4B-00C04F79EFBC}") = "MoqExample", "MoqExample\MoqExample.csproj", "{0798E47A-ECAD-4A69-8DBC-638E3F4FFB6C}"
EndProject
Project("{FAE04EC0-301F-11D3-BF4B-00C04F79EFBC}") = "MoqTests", "MoqTests\MoqTests.csproj", "{56D58C62-EBBB-4434-A67D-ABF8843AA84F}"
EndProject
Global
	GlobalSection(SolutionConfigurationPlatforms) = preSolution
		Debug|Any CPU = Debug|Any CPU
		Release|Any CPU = Release|Any CPU
	EndGlobalSection
	GlobalSection(ProjectConfigurationPlatforms) = postSolution
		{0798E47A-ECAD-4A69-8DBC-638E3F4FFB6C}.Debug|Any CPU.ActiveCfg = Debug|Any CPU
		{0798E47A-ECAD-4A69-8DBC-638E3F4FFB6C}.Debug|Any CPU.Build.0 = Debug|Any CPU
		{0798E47A-ECAD-4A69-8DBC-638E3F4FFB6C}.Release|Any CPU.ActiveCfg = Release|Any CPU
		{0798E47A-ECAD-4A69-8DBC-638E3F4FFB6C}.Release|Any CPU.Build.0 = Release|Any CPU
		{56D58C62-EBBB-4434-A67D-ABF8843AA84F}.Debug|Any CPU.ActiveCfg = Debug|Any CPU
		{56D58C62-EBBB-4434-A67D-ABF8843AA84F}.Debug|Any CPU.Build.0 = Debug|Any CPU
		{56D58C62-EBBB-4434-A67D-ABF8843AA84F}.Release|Any CPU.ActiveCfg = Release|Any CPU
		{56D58C62-EBBB-4434-A67D-ABF8843AA84F}.Release|Any CPU.Build.0 = Release|Any CPU
	EndGlobalSection
	GlobalSection(SolutionProperties) = preSolution
		HideSolutionNode = FALSE
	EndGlobalSection
EndGlobal
