
Microsoft Visual Studio Solution File, Format Version 12.00
# Visual Studio 2013
VisualStudioVersion = 12.0.31101.0
MinimumVisualStudioVersion = 10.0.40219.1
Project("{FAE04EC0-301F-11D3-BF4B-00C04F79EFBC}") = "DependancyInjectionWithMoq", "DependancyInjectionWithMoq\DependancyInjectionWithMoq.csproj", "{9DA773E2-4B24-49F5-B9B1-52679BA2EBB1}"
EndProject
Project("{FAE04EC0-301F-11D3-BF4B-00C04F79EFBC}") = "DependancyInjectionWithMoq.Tests", "DependancyInjectionWithMoq.Tests\DependancyInjectionWithMoq.Tests.csproj", "{FAA69065-2B91-47F8-B2FC-187D812B697B}"
EndProject
Global
	GlobalSection(SolutionConfigurationPlatforms) = preSolution
		Debug|Any CPU = Debug|Any CPU
		Release|Any CPU = Release|Any CPU
	EndGlobalSection
	GlobalSection(ProjectConfigurationPlatforms) = postSolution
		{9DA773E2-4B24-49F5-B9B1-52679BA2EBB1}.Debug|Any CPU.ActiveCfg = Debug|Any CPU
		{9DA773E2-4B24-49F5-B9B1-52679BA2EBB1}.Debug|Any CPU.Build.0 = Debug|Any CPU
		{9DA773E2-4B24-49F5-B9B1-52679BA2EBB1}.Release|Any CPU.ActiveCfg = Release|Any CPU
		{9DA773E2-4B24-49F5-B9B1-52679BA2EBB1}.Release|Any CPU.Build.0 = Release|Any CPU
		{FAA69065-2B91-47F8-B2FC-187D812B697B}.Debug|Any CPU.ActiveCfg = Debug|Any CPU
		{FAA69065-2B91-47F8-B2FC-187D812B697B}.Debug|Any CPU.Build.0 = Debug|Any CPU
		{FAA69065-2B91-47F8-B2FC-187D812B697B}.Release|Any CPU.ActiveCfg = Release|Any CPU
		{FAA69065-2B91-47F8-B2FC-187D812B697B}.Release|Any CPU.Build.0 = Release|Any CPU
	EndGlobalSection
	GlobalSection(SolutionProperties) = preSolution
		HideSolutionNode = FALSE
	EndGlobalSection
EndGlobal
